
Microsoft Visual Studio Solution File, Format Version 12.00
# Visual Studio Version 16
VisualStudioVersion = 16.0.30114.105
MinimumVisualStudioVersion = 10.0.40219.1
Project("{9092AA53-FB77-4645-B42D-1CCCA6BD08BD}") = "app1", "app1.njsproj", "{DFAEB731-24AF-4659-9328-2702FAAD9994}"
EndProject
Global
	GlobalSection(SolutionConfigurationPlatforms) = preSolution
		Debug|Any CPU = Debug|Any CPU
		Release|Any CPU = Release|Any CPU
	EndGlobalSection
	GlobalSection(ProjectConfigurationPlatforms) = postSolution
		{DFAEB731-24AF-4659-9328-2702FAAD9994}.Debug|Any CPU.ActiveCfg = Debug|Any CPU
		{DFAEB731-24AF-4659-9328-2702FAAD9994}.Debug|Any CPU.Build.0 = Debug|Any CPU
		{DFAEB731-24AF-4659-9328-2702FAAD9994}.Release|Any CPU.ActiveCfg = Release|Any CPU
		{DFAEB731-24AF-4659-9328-2702FAAD9994}.Release|Any CPU.Build.0 = Release|Any CPU
	EndGlobalSection
	GlobalSection(SolutionProperties) = preSolution
		HideSolutionNode = FALSE
	EndGlobalSection
	GlobalSection(ExtensibilityGlobals) = postSolution
		SolutionGuid = {5291D1C6-4B56-4FA3-AB6B-5A981D7171FD}
	EndGlobalSection
EndGlobal
